[[package]]
name = "azure-common"
version = "1.1.28"
description = "Microsoft Azure Client Library for Python (Common)"
category = "main"
optional = false
python-versions = "*"

[[package]]
name = "azure-core"
version = "1.27.0"
description = "Microsoft Azure Core Library for Python"
category = "main"
optional = false
python-versions = ">=3.7"

[package.dependencies]
requests = ">=2.18.4"
six = ">=1.11.0"
typing-extensions = ">=4.3.0"

[package.extras]
aio = ["aiohttp (>=3.0)"]

[[package]]
name = "azure-identity"
version = "1.13.0"
description = "Microsoft Azure Identity Library for Python"
category = "main"
optional = false
python-versions = ">=3.7"

[package.dependencies]
azure-core = ">=1.11.0,<2.0.0"
cryptography = ">=2.5"
msal = ">=1.20.0,<2.0.0"
msal-extensions = ">=0.3.0,<2.0.0"
six = ">=1.12.0"

[[package]]
name = "azure-mgmt-core"
version = "1.4.0"
description = "Microsoft Azure Management Core Library for Python"
category = "main"
optional = false
python-versions = ">=3.7"

[package.dependencies]
azure-core = ">=1.26.2,<2.0.0"

[[package]]
name = "azure-mgmt-costmanagement"
version = "4.0.0"
description = "Microsoft Azure Cost Management Client Library for Python"
category = "main"
optional = false
python-versions = ">=3.7"

[package.dependencies]
azure-common = ">=1.1,<2.0"
azure-mgmt-core = ">=1.3.2,<2.0.0"
isodate = ">=0.6.1,<1.0.0"
typing-extensions = {version = ">=4.3.0", markers = "python_version < \"3.8.0\""}

[[package]]
name = "azure-mgmt-resource"
version = "23.0.1"
description = "Microsoft Azure Resource Management Client Library for Python"
category = "main"
optional = false
python-versions = ">=3.7"

[package.dependencies]
azure-common = ">=1.1,<2.0"
azure-mgmt-core = ">=1.3.2,<2.0.0"
isodate = ">=0.6.1,<1.0.0"
typing-extensions = {version = ">=4.3.0", markers = "python_version < \"3.8.0\""}

[[package]]
name = "boto3"
version = "1.26.156"
description = "The AWS SDK for Python"
category = "main"
optional = false
python-versions = ">= 3.7"

[package.dependencies]
botocore = ">=1.29.156,<1.30.0"
jmespath = ">=0.7.1,<2.0.0"
s3transfer = ">=0.6.0,<0.7.0"

[package.extras]
crt = ["botocore[crt] (>=1.21.0,<2.0a0)"]

[[package]]
name = "botocore"
version = "1.29.156"
description = "Low-level, data-driven core of boto 3."
category = "main"
optional = false
python-versions = ">= 3.7"

[package.dependencies]
jmespath = ">=0.7.1,<2.0.0"
python-dateutil = ">=2.1,<3.0.0"
urllib3 = ">=1.25.4,<1.27"

[package.extras]
crt = ["awscrt (==0.16.9)"]

[[package]]
name = "certifi"
version = "2023.5.7"
description = "Python package for providing Mozilla's CA Bundle."
category = "main"
optional = false
python-versions = ">=3.6"

[[package]]
name = "cffi"
version = "1.15.1"
description = "Foreign Function Interface for Python calling C code."
category = "main"
optional = false
python-versions = "*"

[package.dependencies]
pycparser = "*"

[[package]]
name = "charset-normalizer"
version = "3.1.0"
description = "The Real First Universal Charset Detector. Open, modern and actively maintained alternative to Chardet."
category = "main"
optional = false
python-versions = ">=3.7.0"

[[package]]
name = "cryptography"
version = "41.0.1"
description = "cryptography is a package which provides cryptographic recipes and primitives to Python developers."
category = "main"
optional = false
python-versions = ">=3.7"

[package.dependencies]
cffi = ">=1.12"

[package.extras]
docs = ["sphinx (>=5.3.0)", "sphinx-rtd-theme (>=1.1.1)"]
docstest = ["pyenchant (>=1.6.11)", "twine (>=1.12.0)", "sphinxcontrib-spelling (>=4.0.1)"]
nox = ["nox"]
pep8test = ["black", "ruff", "mypy", "check-sdist"]
sdist = ["build"]
ssh = ["bcrypt (>=3.1.5)"]
test = ["pytest (>=6.2.0)", "pytest-benchmark", "pytest-cov", "pytest-xdist", "pretend"]
test-randomorder = ["pytest-randomly"]

[[package]]
name = "idna"
version = "3.4"
description = "Internationalized Domain Names in Applications (IDNA)"
category = "main"
optional = false
python-versions = ">=3.5"

[[package]]
name = "isodate"
version = "0.6.1"
description = "An ISO 8601 date/time/duration parser and formatter"
category = "main"
optional = false
python-versions = "*"

[package.dependencies]
six = "*"

[[package]]
name = "jmespath"
version = "1.0.1"
description = "JSON Matching Expressions"
category = "main"
optional = false
python-versions = ">=3.7"

[[package]]
name = "msal"
version = "1.22.0"
description = "The Microsoft Authentication Library (MSAL) for Python library enables your app to access the Microsoft Cloud by supporting authentication of users with Microsoft Azure Active Directory accounts (AAD) and Microsoft Accounts (MSA) using industry standard OAuth2 and OpenID Connect."
category = "main"
optional = false
python-versions = "*"

[package.dependencies]
cryptography = ">=0.6,<43"
PyJWT = {version = ">=1.0.0,<3", extras = ["crypto"]}
requests = ">=2.0.0,<3"

[package.extras]
broker = ["pymsalruntime (>=0.13.2,<0.14)"]

[[package]]
name = "msal-extensions"
version = "1.0.0"
description = "Microsoft Authentication Library extensions (MSAL EX) provides a persistence API that can save your data on disk, encrypted on Windows, macOS and Linux. Concurrent data access will be coordinated by a file lock mechanism."
category = "main"
optional = false
python-versions = "*"

[package.dependencies]
msal = ">=0.4.1,<2.0.0"
portalocker = [
    {version = ">=1.0,<3", markers = "python_version >= \"3.5\" and platform_system != \"Windows\""},
    {version = ">=1.6,<3", markers = "python_version >= \"3.5\" and platform_system == \"Windows\""},
]

[[package]]
name = "portalocker"
version = "2.7.0"
description = "Wraps the portalocker recipe for easy usage"
category = "main"
optional = false
python-versions = ">=3.5"

[package.dependencies]
pywin32 = {version = ">=226", markers = "platform_system == \"Windows\""}

[package.extras]
docs = ["sphinx (>=1.7.1)"]
redis = ["redis"]
tests = ["pytest (>=5.4.1)", "pytest-cov (>=2.8.1)", "pytest-timeout (>=2.1.0)", "sphinx (>=6.0.0)", "pytest-mypy (>=0.8.0)", "redis"]

[[package]]
name = "pycparser"
version = "2.21"
description = "C parser in Python"
category = "main"
optional = false
python-versions = ">=2.7, !=3.0.*, !=3.1.*, !=3.2.*, !=3.3.*"

[[package]]
name = "pyjwt"
version = "2.7.0"
description = "JSON Web Token implementation in Python"
category = "main"
optional = false
python-versions = ">=3.7"

[package.dependencies]
cryptography = {version = ">=3.4.0", optional = true, markers = "extra == \"crypto\""}
typing-extensions = {version = "*", markers = "python_version <= \"3.7\""}

[package.extras]
crypto = ["cryptography (>=3.4.0)"]
dev = ["sphinx (>=4.5.0,<5.0.0)", "sphinx-rtd-theme", "zope.interface", "cryptography (>=3.4.0)", "pytest (>=6.0.0,<7.0.0)", "coverage[toml] (==5.0.4)", "pre-commit"]
docs = ["sphinx (>=4.5.0,<5.0.0)", "sphinx-rtd-theme", "zope.interface"]
tests = ["pytest (>=6.0.0,<7.0.0)", "coverage[toml] (==5.0.4)"]

[[package]]
name = "python-dateutil"
version = "2.8.2"
description = "Extensions to the standard Python datetime module"
category = "main"
optional = false
python-versions = "!=3.0.*,!=3.1.*,!=3.2.*,>=2.7"

[package.dependencies]
six = ">=1.5"

[[package]]
name = "pywin32"
version = "306"
description = "Python for Window Extensions"
category = "main"
optional = false
python-versions = "*"

[[package]]
name = "requests"
version = "2.31.0"
description = "Python HTTP for Humans."
category = "main"
optional = false
python-versions = ">=3.7"

[package.dependencies]
certifi = ">=2017.4.17"
charset-normalizer = ">=2,<4"
idna = ">=2.5,<4"
urllib3 = ">=1.21.1,<3"

[package.extras]
socks = ["PySocks (>=1.5.6,!=1.5.7)"]
use_chardet_on_py3 = ["chardet (>=3.0.2,<6)"]

[[package]]
name = "s3transfer"
version = "0.6.1"
description = "An Amazon S3 Transfer Manager"
category = "main"
optional = false
python-versions = ">= 3.7"

[package.dependencies]
botocore = ">=1.12.36,<2.0a.0"

[package.extras]
crt = ["botocore[crt] (>=1.20.29,<2.0a.0)"]

[[package]]
name = "six"
version = "1.16.0"
description = "Python 2 and 3 compatibility utilities"
category = "main"
optional = false
python-versions = ">=2.7, !=3.0.*, !=3.1.*, !=3.2.*"

[[package]]
name = "typing-extensions"
version = "4.6.3"
description = "Backported and Experimental Type Hints for Python 3.7+"
category = "main"
optional = false
python-versions = ">=3.7"

[[package]]
name = "urllib3"
version = "1.26.16"
description = "HTTP library with thread-safe connection pooling, file post, and more."
category = "main"
optional = false
python-versions = ">=2.7, !=3.0.*, !=3.1.*, !=3.2.*, !=3.3.*, !=3.4.*, !=3.5.*"

[package.extras]
brotli = ["brotlicffi (>=0.8.0)", "brotli (>=1.0.9)", "brotlipy (>=0.6.0)"]
secure = ["pyOpenSSL (>=0.14)", "cryptography (>=1.3.4)", "idna (>=2.0.0)", "certifi", "urllib3-secure-extra", "ipaddress"]
socks = ["PySocks (>=1.5.6,!=1.5.7,<2.0)"]

[metadata]
lock-version = "1.1"
python-versions = "^3.7"
content-hash = "bec7026e2591a80e3af952c59ba83fd5e2f606015cff66265d77c1e3ecb97915"

[metadata.files]
azure-common = []
azure-core = []
azure-identity = []
azure-mgmt-core = []
azure-mgmt-costmanagement = []
azure-mgmt-resource = []
boto3 = []
botocore = []
certifi = []
cffi = []
charset-normalizer = []
cryptography = []
idna = []
isodate = []
jmespath = []
msal = []
msal-extensions = []
portalocker = []
pycparser = []
pyjwt = []
python-dateutil = []
pywin32 = []
requests = []
s3transfer = []
six = []
typing-extensions = []
urllib3 = []
